{
  "name": "chrono-cli",
  "version": "1.0.0",
  "lockfileVersion": 2,
  "requires": true,
  "packages": {
    "": {
      "name": "chrono-cli",
      "version": "1.0.0",
      "license": "ISC",
      "dependencies": {
        "chrono-node": "^2.3.4"
      }
    },
    "node_modules/chrono-node": {
      "version": "2.3.4",
      "resolved": "https://registry.npmjs.org/chrono-node/-/chrono-node-2.3.4.tgz",
      "integrity": "sha512-FxVbEoT1XU/HgObJvHaT2Ad2B6yqsnvV6MshyrBGhskCtKliVgl+bi0bS4GuItxHhxaCAZqDRYeLaAR15MGf3A==",
      "dependencies": {
        "dayjs": "^1.10.0"
      }
    },
    "node_modules/dayjs": {
      "version": "1.10.7",
      "resolved": "https://registry.npmjs.org/dayjs/-/dayjs-1.10.7.tgz",
      "integrity": "sha512-P6twpd70BcPK34K26uJ1KT3wlhpuOAPoMwJzpsIWUxHZ7wpmbdZL/hQqBDfz7hGurYSa5PhzdhDHtt319hL3ig=="
    }
  },
  "dependencies": {
    "chrono-node": {
      "version": "2.3.4",
      "resolved": "https://registry.npmjs.org/chrono-node/-/chrono-node-2.3.4.tgz",
      "integrity": "sha512-FxVbEoT1XU/HgObJvHaT2Ad2B6yqsnvV6MshyrBGhskCtKliVgl+bi0bS4GuItxHhxaCAZqDRYeLaAR15MGf3A==",
      "requires": {
        "dayjs": "^1.10.0"
      }
    },
    "dayjs": {
      "version": "1.10.7",
      "resolved": "https://registry.npmjs.org/dayjs/-/dayjs-1.10.7.tgz",
      "integrity": "sha512-P6twpd70BcPK34K26uJ1KT3wlhpuOAPoMwJzpsIWUxHZ7wpmbdZL/hQqBDfz7hGurYSa5PhzdhDHtt319hL3ig=="
    }
  }
}
